{
  "_meta": {
    "hash": {
      "sha256": "examplehash"
    },
    "pipfile-spec": 6,
    "python-version": "3.11"
  },
  "default": {
    "fastapi": {
      "version": "==0.110.0",
      "index": "pypi"
    },
    "uvicorn": {
      "version": "==0.27.1",
      "index": "pypi"
    },
    "pandas": {
      "version": "==2.2.2",
      "index": "pypi"
    },
    "numpy": {
      "version": "==1.26.4",
      "index": "pypi"
    }
  },
  "develop": {
    "pytest": {
      "version": "==7.1.1",
      "index": "pypi"
    }
  }
}
